// !$*UTF8*$!
{
	archiveVersion = 1;
	classes = {
	};
	objectVersion = 50;
	objects = {

/* Begin PBXBuildFile section */
		741ECC93212AAEA200A2570E /* AppDelegate.m in Sources */ = {isa = PBXBuildFile; fileRef = 741ECC92212AAEA200A2570E /* AppDelegate.m */; };
		741ECC96212AAEA200A2570E /* ViewController.m in Sources */ = {isa = PBXBuildFile; fileRef = 741ECC95212AAEA200A2570E /* ViewController.m */; };
		741ECC9B212AAEA400A2570E /* Assets.xcassets in Resources */ = {isa = PBXBuildFile; fileRef = 741ECC9A212AAEA400A2570E /* Assets.xcassets */; };
		741ECCA1212AAEA400A2570E /* main.m in Sources */ = {isa = PBXBuildFile; fileRef = 741ECCA0212AAEA400A2570E /* main.m */; };
		741ECCB1212ABD0B00A2570E /* WTDateUtil.m in Sources */ = {isa = PBXBuildFile; fileRef = 741ECCB0212ABD0B00A2570E /* WTDateUtil.m */; };
/* End PBXBuildFile section */

/* Begin PBXFileReference section */
		741ECC8E212AAEA200A2570E /* WTDateUtil.app */ = {isa = PBXFileReference; explicitFileType = wrapper.application; includeInIndex = 0; path = WTDateUtil.app; sourceTree = BUILT_PRODUCTS_DIR; };
		741ECC91212AAEA200A2570E /* AppDelegate.h */ = {isa = PBXFileReference; lastKnownFileType = sourcecode.c.h; path = AppDelegate.h; sourceTree = "<group>"; };
		741ECC92212AAEA200A2570E /* AppDelegate.m */ = {isa = PBXFileReference; lastKnownFileType = sourcecode.c.objc; path = AppDelegate.m; sourceTree = "<group>"; };
		741ECC94212AAEA200A2570E /* ViewController.h */ = {isa = PBXFileReference; lastKnownFileType = sourcecode.c.h; path = ViewController.h; sourceTree = "<group>"; };
		741ECC95212AAEA200A2570E /* ViewController.m */ = {isa = PBXFileReference; lastKnownFileType = sourcecode.c.objc; path = ViewController.m; sourceTree = "<group>"; };
		741ECC9A212AAEA400A2570E /* Assets.xcassets */ = {isa = PBXFileReference; lastKnownFileType = folder.assetcatalog; path = Assets.xcassets; sourceTree = "<group>"; };
		741ECC9F212AAEA400A2570E /* Info.plist */ = {isa = PBXFileReference; lastKnownFileType = text.plist.xml; path = Info.plist; sourceTree = "<group>"; };
		741ECCA0212AAEA400A2570E /* main.m */ = {isa = PBXFileReference; lastKnownFileType = sourcecode.c.objc; path = main.m; sourceTree = "<group>"; };
		741ECCAF212ABD0B00A2570E /* WTDateUtil.h */ = {isa = PBXFileReference; fileEncoding = 4; lastKnownFileType = sourcecode.c.h; path = WTDateUtil.h; sourceTree = "<group>"; };
		741ECCB0212ABD0B00A2570E /* WTDateUtil.m */ = {isa = PBXFileReference; fileEncoding = 4; lastKnownFileType = sourcecode.c.objc; path = WTDateUtil.m; sourceTree = "<group>"; };
/* End PBXFileReference section */

/* Begin PBXFrameworksBuildPhase section */
		741ECC8B212AAEA200A2570E /* Frameworks */ = {
			isa = PBXFrameworksBuildPhase;
			buildActionMask = 2147483647;
			files = (
			);
			runOnlyForDeploymentPostprocessing = 0;
		};
/* End PBXFrameworksBuildPhase section */

/* Begin PBXGroup section */
		741ECC85212AAEA100A2570E = {
			isa = PBXGroup;
			children = (
				741ECC90212AAEA200A2570E /* WTDateUtil */,
				741ECC8F212AAEA200A2570E /* Products */,
			);
			sourceTree = "<group>";
		};
		741ECC8F212AAEA200A2570E /* Products */ = {
			isa = PBXGroup;
			children = (
				741ECC8E212AAEA200A2570E /* WTDateUtil.app */,
			);
			name = Products;
			sourceTree = "<group>";
		};
		741ECC90212AAEA200A2570E /* WTDateUtil */ = {
			isa = PBXGroup;
			children = (
				741ECCAE212ABD0B00A2570E /* DateUtil */,
				741ECC91212AAEA200A2570E /* AppDelegate.h */,
				741ECC92212AAEA200A2570E /* AppDelegate.m */,
				741ECC94212AAEA200A2570E /* ViewController.h */,
				741ECC95212AAEA200A2570E /* ViewController.m */,
				741ECC9A212AAEA400A2570E /* Assets.xcassets */,
				741ECC9F212AAEA400A2570E /* Info.plist */,
				741ECCA0212AAEA400A2570E /* main.m */,
			);
			path = WTDateUtil;
			sourceTree = "<group>";
		};
		741ECCAE212ABD0B00A2570E /* DateUtil */ = {
			isa = PBXGroup;
			children = (
				741ECCAF212ABD0B00A2570E /* WTDateUtil.h */,
				741ECCB0212ABD0B00A2570E /* WTDateUtil.m */,
			);
			path = DateUtil;
			sourceTree = "<group>";
		};
/* End PBXGroup section */

/* Begin PBXNativeTarget section */
		741ECC8D212AAEA200A2570E /* WTDateUtil */ = {
			isa = PBXNativeTarget;
			buildConfigurationList = 741ECCA4212AAEA400A2570E /* Build configuration list for PBXNativeTarget "WTDateUtil" */;
			buildPhases = (
				741ECC8A212AAEA200A2570E /* Sources */,
				741ECC8B212AAEA200A2570E /* Frameworks */,
				741ECC8C212AAEA200A2570E /* Resources */,
			);
			buildRules = (
			);
			dependencies = (
			);
			name = WTDateUtil;
			productName = WTDateUtil;
			productReference = 741ECC8E212AAEA200A2570E /* WTDateUtil.app */;
			productType = "com.apple.product-type.application";
		};
/* End PBXNativeTarget section */

/* Begin PBXProject section */
		741ECC86212AAEA100A2570E /* Project object */ = {
			isa = PBXProject;
			attributes = {
				LastUpgradeCheck = 0940;
				ORGANIZATIONNAME = "王通";
				TargetAttributes = {
					741ECC8D212AAEA200A2570E = {
						CreatedOnToolsVersion = 9.4.1;
					};
				};
			};
			buildConfigurationList = 741ECC89212AAEA100A2570E /* Build configuration list for PBXProject "WTDateUtil" */;
			compatibilityVersion = "Xcode 9.3";
			developmentRegion = en;
			hasScannedForEncodings = 0;
			knownRegions = (
				en,
				Base,
			);
			mainGroup = 741ECC85212AAEA100A2570E;
			productRefGroup = 741ECC8F212AAEA200A2570E /* Products */;
			projectDirPath = "";
			projectRoot = "";
			targets = (
				741ECC8D212AAEA200A2570E /* WTDateUtil */,
			);
		};
/* End PBXProject section */

/* Begin PBXResourcesBuildPhase section */
		741ECC8C212AAEA200A2570E /* Resources */ = {
			isa = PBXResourcesBuildPhase;
			buildActionMask = 2147483647;
			files = (
				741ECC9B212AAEA400A2570E /* Assets.xcassets in Resources */,
			);
			runOnlyForDeploymentPostprocessing = 0;
		};
/* End PBXResourcesBuildPhase section */

/* Begin PBXSourcesBuildPhase section */
		741ECC8A212AAEA200A2570E /* Sources */ = {
			isa = PBXSourcesBuildPhase;
			buildActionMask = 2147483647;
			files = (
				741ECCB1212ABD0B00A2570E /* WTDateUtil.m in Sources */,
				741ECC96212AAEA200A2570E /* ViewController.m in Sources */,
				741ECCA1212AAEA400A2570E /* main.m in Sources */,
				741ECC93212AAEA200A2570E /* AppDelegate.m in Sources */,
			);
			runOnlyForDeploymentPostprocessing = 0;
		};
/* End PBXSourcesBuildPhase section */

/* Begin XCBuildConfiguration section */
		741ECCA2212AAEA400A2570E /* Debug */ = {
			isa = XCBuildConfiguration;
			buildSettings = {
				ALWAYS_SEARCH_USER_PATHS = NO;
				CLANG_ANALYZER_NONNULL = YES;
				CLANG_ANALYZER_NUMBER_OBJECT_CONVERSION = YES_AGGRESSIVE;
				CLANG_CXX_LANGUAGE_STANDARD = "gnu++14";
				CLANG_CXX_LIBRARY = "libc++";
				CLANG_ENABLE_MODULES = YES;
				CLANG_ENABLE_OBJC_ARC = YES;
				CLANG_ENABLE_OBJC_WEAK = YES;
				CLANG_WARN_BLOCK_CAPTURE_AUTORELEASING = YES;
				CLANG_WARN_BOOL_CONVERSION = YES;
				CLANG_WARN_COMMA = YES;
				CLANG_WARN_CONSTANT_CONVERSION = YES;
				CLANG_WARN_DEPRECATED_OBJC_IMPLEMENTATIONS = YES;
				CLANG_WARN_DIRECT_OBJC_ISA_USAGE = YES_ERROR;
				CLANG_WARN_DOCUMENTATION_COMMENTS = YES;
				CLANG_WARN_EMPTY_BODY = YES;
				CLANG_WARN_ENUM_CONVERSION = YES;
				CLANG_WARN_INFINITE_RECURSION = YES;
				CLANG_WARN_INT_CONVERSION = YES;
				CLANG_WARN_NON_LITERAL_NULL_CONVERSION = YES;
				CLANG_WARN_OBJC_IMPLICIT_RETAIN_SELF = YES;
				CLANG_WARN_OBJC_LITERAL_CONVERSION = YES;
				CLANG_WARN_OBJC_ROOT_CLASS = YES_ERROR;
				CLANG_WARN_RANGE_LOOP_ANALYSIS = YES;
				CLANG_WARN_STRICT_PROTOTYPES = YES;
				CLANG_WARN_SUSPICIOUS_MOVE = YES;
				CLANG_WARN_UNGUARDED_AVAILABILITY = YES_AGGRESSIVE;
				CLANG_WARN_UNREACHABLE_CODE = YES;
				CLANG_WARN__DUPLICATE_METHOD_MATCH = YES;
				CODE_SIGN_IDENTITY = "iPhone Developer";
				COPY_PHASE_STRIP = NO;
				DEBUG_INFORMATION_FORMAT = dwarf;
				ENABLE_STRICT_OBJC_MSGSEND = YES;
				ENABLE_TESTABILITY = YES;
				GCC_C_LANGUAGE_STANDARD = gnu11;
				GCC_DYNAMIC_NO_PIC = NO;
				GCC_NO_COMMON_BLOCKS = YES;
				GCC_OPTIMIZATION_LEVEL = 0;
				GCC_PREPROCESSOR_DEFINITIONS = (
					"DEBUG=1",
					"$(inherited)",
				);
				GCC_WARN_64_TO_32_BIT_CONVERSION = YES;
				GCC_WARN_ABOUT_RETURN_TYPE = YES_ERROR;
				GCC_WARN_UNDECLARED_SELECTOR = YES;
				GCC_WARN_UNINITIALIZED_AUTOS = YES_AGGRESSIVE;
				GCC_WARN_UNUSED_FUNCTION = YES;
				GCC_WARN_UNUSED_VARIABLE = YES;
				IPHONEOS_DEPLOYMENT_TARGET = 7.0;
				MTL_ENABLE_DEBUG_INFO = YES;
				ONLY_ACTIVE_ARCH = YES;
				SDKROOT = iphoneos;
			};
			name = Debug;
		};
		741ECCA3212AAEA400A2570E /* Release */ = {
			isa = XCBuildConfiguration;
			buildSettings = {
				ALWAYS_SEARCH_USER_PATHS = NO;
				CLANG_ANALYZER_NONNULL = YES;
				CLANG_ANALYZER_NUMBER_OBJECT_CONVERSION = YES_AGGRESSIVE;
				CLANG_CXX_LANGUAGE_STANDARD = "gnu++14";
				CLANG_CXX_LIBRARY = "libc++";
				CLANG_ENABLE_MODULES = YES;
				CLANG_ENABLE_OBJC_ARC = YES;
				CLANG_ENABLE_OBJC_WEAK = YES;
				CLANG_WARN_BLOCK_CAPTURE_AUTORELEASING = YES;
				CLANG_WARN_BOOL_CONVERSION = YES;
				CLANG_WARN_COMMA = YES;
				CLANG_WARN_CONSTANT_CONVERSION = YES;
				CLANG_WARN_DEPRECATED_OBJC_IMPLEMENTATIONS = YES;
				CLANG_WARN_DIRECT_OBJC_ISA_USAGE = YES_ERROR;
				CLANG_WARN_DOCUMENTATION_COMMENTS = YES;
				CLANG_WARN_EMPTY_BODY = YES;
				CLANG_WARN_ENUM_CONVERSION = YES;
				CLANG_WARN_INFINITE_RECURSION = YES;
				CLANG_WARN_INT_CONVERSION = YES;
				CLANG_WARN_NON_LITERAL_NULL_CONVERSION = YES;
				CLANG_WARN_OBJC_IMPLICIT_RETAIN_SELF = YES;
				CLANG_WARN_OBJC_LITERAL_CONVERSION = YES;
				CLANG_WARN_OBJC_ROOT_CLASS = YES_ERROR;
				CLANG_WARN_RANGE_LOOP_ANALYSIS = YES;
				CLANG_WARN_STRICT_PROTOTYPES = YES;
				CLANG_WARN_SUSPICIOUS_MOVE = YES;
				CLANG_WARN_UNGUARDED_AVAILABILITY = YES_AGGRESSIVE;
				CLANG_WARN_UNREACHABLE_CODE = YES;
				CLANG_WARN__DUPLICATE_METHOD_MATCH = YES;
				CODE_SIGN_IDENTITY = "iPhone Developer";
				COPY_PHASE_STRIP = NO;
				DEBUG_INFORMATION_FORMAT = "dwarf-with-dsym";
				ENABLE_NS_ASSERTIONS = NO;
				ENABLE_STRICT_OBJC_MSGSEND = YES;
				GCC_C_LANGUAGE_STANDARD = gnu11;
				GCC_NO_COMMON_BLOCKS = YES;
				GCC_WARN_64_TO_32_BIT_CONVERSION = YES;
				GCC_WARN_ABOUT_RETURN_TYPE = YES_ERROR;
				GCC_WARN_UNDECLARED_SELECTOR = YES;
				GCC_WARN_UNINITIALIZED_AUTOS = YES_AGGRESSIVE;
				GCC_WARN_UNUSED_FUNCTION = YES;
				GCC_WARN_UNUSED_VARIABLE = YES;
				IPHONEOS_DEPLOYMENT_TARGET = 7.0;
				MTL_ENABLE_DEBUG_INFO = NO;
				SDKROOT = iphoneos;
				VALIDATE_PRODUCT = YES;
			};
			name = Release;
		};
		741ECCA5212AAEA400A2570E /* Debug */ = {
			isa = XCBuildConfiguration;
			buildSettings = {
				ASSETCATALOG_COMPILER_APPICON_NAME = AppIcon;
				CODE_SIGN_STYLE = Automatic;
				INFOPLIST_FILE = WTDateUtil/Info.plist;
				IPHONEOS_DEPLOYMENT_TARGET = 7.0;
				LD_RUNPATH_SEARCH_PATHS = (
					"$(inherited)",
					"@executable_path/Frameworks",
				);
				PRODUCT_BUNDLE_IDENTIFIER = WT.WTDateUtil;
				PRODUCT_NAME = "$(TARGET_NAME)";
				TARGETED_DEVICE_FAMILY = "1,2";
			};
			name = Debug;
		};
		741ECCA6212AAEA400A2570E /* Release */ = {
			isa = XCBuildConfiguration;
			buildSettings = {
				ASSETCATALOG_COMPILER_APPICON_NAME = AppIcon;
				CODE_SIGN_STYLE = Automatic;
				INFOPLIST_FILE = WTDateUtil/Info.plist;
				IPHONEOS_DEPLOYMENT_TARGET = 7.0;
				LD_RUNPATH_SEARCH_PATHS = (
					"$(inherited)",
					"@executable_path/Frameworks",
				);
				PRODUCT_BUNDLE_IDENTIFIER = WT.WTDateUtil;
				PRODUCT_NAME = "$(TARGET_NAME)";
				TARGETED_DEVICE_FAMILY = "1,2";
			};
			name = Release;
		};
/* End XCBuildConfiguration section */

/* Begin XCConfigurationList section */
		741ECC89212AAEA100A2570E /* Build configuration list for PBXProject "WTDateUtil" */ = {
			isa = XCConfigurationList;
			buildConfigurations = (
				741ECCA2212AAEA400A2570E /* Debug */,
				741ECCA3212AAEA400A2570E /* Release */,
			);
			defaultConfigurationIsVisible = 0;
			defaultConfigurationName = Release;
		};
		741ECCA4212AAEA400A2570E /* Build configuration list for PBXNativeTarget "WTDateUtil" */ = {
			isa = XCConfigurationList;
			buildConfigurations = (
				741ECCA5212AAEA400A2570E /* Debug */,
				741ECCA6212AAEA400A2570E /* Release */,
			);
			defaultConfigurationIsVisible = 0;
			defaultConfigurationName = Release;
		};
/* End XCConfigurationList section */
	};
	rootObject = 741ECC86212AAEA100A2570E /* Project object */;
}
